// !$*UTF8*$!
{
	archiveVersion = 1;
	classes = {
	};
	objectVersion = 50;
	objects = {

/* Begin PBXBuildFile section */
		2BEFF2054FA5D91B485FEB9D /* Pods_MastliaUITests.framework in Frameworks */ = {isa = PBXBuildFile; fileRef = 40493F5860D6B39D0342D33C /* Pods_MastliaUITests.framework */; };
		5121E352D3A8D621FA8AC4AE /* Pods_MastliaTests.framework in Frameworks */ = {isa = PBXBuildFile; fileRef = E2EA6D0B308FCDE7F5E57A87 /* Pods_MastliaTests.framework */; };
		520003C421A7AC62002E90BF /* login.storyboard in Resources */ = {isa = PBXBuildFile; fileRef = 520003C321A7AC62002E90BF /* login.storyboard */; };
		520003C621A7AF10002E90BF /* LoginViewController.swift in Sources */ = {isa = PBXBuildFile; fileRef = 520003C521A7AF10002E90BF /* LoginViewController.swift */; };
		524D57A221A83933003FD9B7 /* TootCell.swift in Sources */ = {isa = PBXBuildFile; fileRef = 524D57A021A83933003FD9B7 /* TootCell.swift */; };
		524D57A321A83933003FD9B7 /* TootCell.xib in Resources */ = {isa = PBXBuildFile; fileRef = 524D57A121A83933003FD9B7 /* TootCell.xib */; };
		524D57A521A8409E003FD9B7 /* TimeLineViewController.swift in Sources */ = {isa = PBXBuildFile; fileRef = 524D57A421A8409E003FD9B7 /* TimeLineViewController.swift */; };
		524D57A721A84A3D003FD9B7 /* Account.swift in Sources */ = {isa = PBXBuildFile; fileRef = 524D57A621A84A3D003FD9B7 /* Account.swift */; };
		525F68C921B5851000E0CA0B /* DetailCell.swift in Sources */ = {isa = PBXBuildFile; fileRef = 525F68C721B5851000E0CA0B /* DetailCell.swift */; };
		525F68CA21B5851000E0CA0B /* DetailCell.xib in Resources */ = {isa = PBXBuildFile; fileRef = 525F68C821B5851000E0CA0B /* DetailCell.xib */; };
		525F68CC21B5869800E0CA0B /* Main.storyboard in Resources */ = {isa = PBXBuildFile; fileRef = 525F68CB21B5869700E0CA0B /* Main.storyboard */; };
		525F68CE21B586D700E0CA0B /* DetailViewController.swift in Sources */ = {isa = PBXBuildFile; fileRef = 525F68CD21B586D700E0CA0B /* DetailViewController.swift */; };
		525F68D121B5870800E0CA0B /* ActivityCountCell.swift in Sources */ = {isa = PBXBuildFile; fileRef = 525F68CF21B5870800E0CA0B /* ActivityCountCell.swift */; };
		525F68D221B5870800E0CA0B /* ActivityCountCell.xib in Resources */ = {isa = PBXBuildFile; fileRef = 525F68D021B5870800E0CA0B /* ActivityCountCell.xib */; };
		525F68D521B5872500E0CA0B /* ActivityCell.swift in Sources */ = {isa = PBXBuildFile; fileRef = 525F68D321B5872500E0CA0B /* ActivityCell.swift */; };
		525F68D621B5872500E0CA0B /* ActivityCell.xib in Resources */ = {isa = PBXBuildFile; fileRef = 525F68D421B5872500E0CA0B /* ActivityCell.xib */; };
		52677A3721B02C90005F6C43 /* timeline.png in Resources */ = {isa = PBXBuildFile; fileRef = 52677A3621B02C8F005F6C43 /* timeline.png */; };
		52677A3921B02CBE005F6C43 /* timeline@2x.png in Resources */ = {isa = PBXBuildFile; fileRef = 52677A3821B02CBE005F6C43 /* timeline@2x.png */; };
		52677A3B21B02CD3005F6C43 /* home.png in Resources */ = {isa = PBXBuildFile; fileRef = 52677A3A21B02CD3005F6C43 /* home.png */; };
		52677A3D21B02CE1005F6C43 /* home@2x.png in Resources */ = {isa = PBXBuildFile; fileRef = 52677A3C21B02CE1005F6C43 /* home@2x.png */; };
		52677A3F21B02D14005F6C43 /* notify.png in Resources */ = {isa = PBXBuildFile; fileRef = 52677A3E21B02D14005F6C43 /* notify.png */; };
		52677A4121B02D21005F6C43 /* notify.@2x.png in Resources */ = {isa = PBXBuildFile; fileRef = 52677A4021B02D21005F6C43 /* notify.@2x.png */; };
		52677A4321B02D3E005F6C43 /* person.png in Resources */ = {isa = PBXBuildFile; fileRef = 52677A4221B02D3E005F6C43 /* person.png */; };
		52677A4521B02D4B005F6C43 /* person@2x.png in Resources */ = {isa = PBXBuildFile; fileRef = 52677A4421B02D4B005F6C43 /* person@2x.png */; };
		52677A4721B02D69005F6C43 /* retweet.png in Resources */ = {isa = PBXBuildFile; fileRef = 52677A4621B02D69005F6C43 /* retweet.png */; };
		52677A4921B02D78005F6C43 /* retweet@2x.png in Resources */ = {isa = PBXBuildFile; fileRef = 52677A4821B02D78005F6C43 /* retweet@2x.png */; };
		52677A4B21B02D8C005F6C43 /* reply.png in Resources */ = {isa = PBXBuildFile; fileRef = 52677A4A21B02D8C005F6C43 /* reply.png */; };
		52677A4D21B02D9D005F6C43 /* reply@2x.png in Resources */ = {isa = PBXBuildFile; fileRef = 52677A4C21B02D9D005F6C43 /* reply@2x.png */; };
		52677A4F21B02DB1005F6C43 /* star.png in Resources */ = {isa = PBXBuildFile; fileRef = 52677A4E21B02DB1005F6C43 /* star.png */; };
		52677A5121B02DBD005F6C43 /* star@2x.png in Resources */ = {isa = PBXBuildFile; fileRef = 52677A5021B02DBD005F6C43 /* star@2x.png */; };
		52677A5321B02DDC005F6C43 /* public.png in Resources */ = {isa = PBXBuildFile; fileRef = 52677A5221B02DDC005F6C43 /* public.png */; };
		52677A5521B02DEA005F6C43 /* public@2x.png in Resources */ = {isa = PBXBuildFile; fileRef = 52677A5421B02DEA005F6C43 /* public@2x.png */; };
		5273ECD521A63B7C006F95FB /* AppDelegate.swift in Sources */ = {isa = PBXBuildFile; fileRef = 5273ECD421A63B7C006F95FB /* AppDelegate.swift */; };
		5273ECD721A63B7C006F95FB /* ViewController.swift in Sources */ = {isa = PBXBuildFile; fileRef = 5273ECD621A63B7C006F95FB /* ViewController.swift */; };
		5273ECDC21A63B7E006F95FB /* Assets.xcassets in Resources */ = {isa = PBXBuildFile; fileRef = 5273ECDB21A63B7E006F95FB /* Assets.xcassets */; };
		5273ECDF21A63B7E006F95FB /* LaunchScreen.storyboard in Resources */ = {isa = PBXBuildFile; fileRef = 5273ECDD21A63B7E006F95FB /* LaunchScreen.storyboard */; };
		5273ECEA21A63B7E006F95FB /* MastliaTests.swift in Sources */ = {isa = PBXBuildFile; fileRef = 5273ECE921A63B7E006F95FB /* MastliaTests.swift */; };
		5273ECF521A63B7E006F95FB /* MastliaUITests.swift in Sources */ = {isa = PBXBuildFile; fileRef = 5273ECF421A63B7E006F95FB /* MastliaUITests.swift */; };
		528F2E0321B0E73200E03FB9 /* add.png in Resources */ = {isa = PBXBuildFile; fileRef = 528F2E0221B0E73000E03FB9 /* add.png */; };
		528F2E0521B0E74500E03FB9 /* add@2x.png in Resources */ = {isa = PBXBuildFile; fileRef = 528F2E0421B0E74500E03FB9 /* add@2x.png */; };
		529248EE21B759220055F906 /* ReblogCell.swift in Sources */ = {isa = PBXBuildFile; fileRef = 529248EC21B759220055F906 /* ReblogCell.swift */; };
		529248EF21B759220055F906 /* ReblogCell.xib in Resources */ = {isa = PBXBuildFile; fileRef = 529248ED21B759220055F906 /* ReblogCell.xib */; };
		52A8329421AA9FBB008F41F5 /* Toots.swift in Sources */ = {isa = PBXBuildFile; fileRef = 52A8329321AA9FBB008F41F5 /* Toots.swift */; };
		52E40FCC21B3E46A00592B1F /* TootViewController.swift in Sources */ = {isa = PBXBuildFile; fileRef = 52E40FCB21B3E46A00592B1F /* TootViewController.swift */; };
		D470662BEE15CB538ED57043 /* Pods_Mastlia.framework in Frameworks */ = {isa = PBXBuildFile; fileRef = 62CEADFAC15B2B0CAFE56B9F /* Pods_Mastlia.framework */; };
/* End PBXBuildFile section */

/* Begin PBXContainerItemProxy section */
		5273ECE621A63B7E006F95FB /* PBXContainerItemProxy */ = {
			isa = PBXContainerItemProxy;
			containerPortal = 5273ECC921A63B7B006F95FB /* Project object */;
			proxyType = 1;
			remoteGlobalIDString = 5273ECD021A63B7C006F95FB;
			remoteInfo = Mastlia;
		};
		5273ECF121A63B7E006F95FB /* PBXContainerItemProxy */ = {
			isa = PBXContainerItemProxy;
			containerPortal = 5273ECC921A63B7B006F95FB /* Project object */;
			proxyType = 1;
			remoteGlobalIDString = 5273ECD021A63B7C006F95FB;
			remoteInfo = Mastlia;
		};
/* End PBXContainerItemProxy section */

/* Begin PBXFileReference section */
		1D840151FF9AF9D30C423E5B /* Pods-MastliaUITests.release.xcconfig */ = {isa = PBXFileReference; includeInIndex = 1; lastKnownFileType = text.xcconfig; name = "Pods-MastliaUITests.release.xcconfig"; path = "Pods/Target Support Files/Pods-MastliaUITests/Pods-MastliaUITests.release.xcconfig"; sourceTree = "<group>"; };
		3E249CFF2E61160EFB452ACF /* Pods-MastliaTests.debug.xcconfig */ = {isa = PBXFileReference; includeInIndex = 1; lastKnownFileType = text.xcconfig; name = "Pods-MastliaTests.debug.xcconfig"; path = "Pods/Target Support Files/Pods-MastliaTests/Pods-MastliaTests.debug.xcconfig"; sourceTree = "<group>"; };
		40493F5860D6B39D0342D33C /* Pods_MastliaUITests.framework */ = {isa = PBXFileReference; explicitFileType = wrapper.framework; includeInIndex = 0; path = Pods_MastliaUITests.framework; sourceTree = BUILT_PRODUCTS_DIR; };
		520003C321A7AC62002E90BF /* login.storyboard */ = {isa = PBXFileReference; lastKnownFileType = file.storyboard; path = login.storyboard; sourceTree = "<group>"; };
		520003C521A7AF10002E90BF /* LoginViewController.swift */ = {isa = PBXFileReference; lastKnownFileType = sourcecode.swift; path = LoginViewController.swift; sourceTree = "<group>"; };
		524D57A021A83933003FD9B7 /* TootCell.swift */ = {isa = PBXFileReference; lastKnownFileType = sourcecode.swift; path = TootCell.swift; sourceTree = "<group>"; };
		524D57A121A83933003FD9B7 /* TootCell.xib */ = {isa = PBXFileReference; lastKnownFileType = file.xib; path = TootCell.xib; sourceTree = "<group>"; };
		524D57A421A8409E003FD9B7 /* TimeLineViewController.swift */ = {isa = PBXFileReference; lastKnownFileType = sourcecode.swift; path = TimeLineViewController.swift; sourceTree = "<group>"; };
		524D57A621A84A3D003FD9B7 /* Account.swift */ = {isa = PBXFileReference; lastKnownFileType = sourcecode.swift; path = Account.swift; sourceTree = "<group>"; };
		525F68C721B5851000E0CA0B /* DetailCell.swift */ = {isa = PBXFileReference; lastKnownFileType = sourcecode.swift; path = DetailCell.swift; sourceTree = "<group>"; };
		525F68C821B5851000E0CA0B /* DetailCell.xib */ = {isa = PBXFileReference; lastKnownFileType = file.xib; path = DetailCell.xib; sourceTree = "<group>"; };
		525F68CB21B5869700E0CA0B /* Main.storyboard */ = {isa = PBXFileReference; fileEncoding = 4; lastKnownFileType = file.storyboard; path = Main.storyboard; sourceTree = "<group>"; };
		525F68CD21B586D700E0CA0B /* DetailViewController.swift */ = {isa = PBXFileReference; lastKnownFileType = sourcecode.swift; path = DetailViewController.swift; sourceTree = "<group>"; };
		525F68CF21B5870800E0CA0B /* ActivityCountCell.swift */ = {isa = PBXFileReference; lastKnownFileType = sourcecode.swift; path = ActivityCountCell.swift; sourceTree = "<group>"; };
		525F68D021B5870800E0CA0B /* ActivityCountCell.xib */ = {isa = PBXFileReference; lastKnownFileType = file.xib; path = ActivityCountCell.xib; sourceTree = "<group>"; };
		525F68D321B5872500E0CA0B /* ActivityCell.swift */ = {isa = PBXFileReference; lastKnownFileType = sourcecode.swift; path = ActivityCell.swift; sourceTree = "<group>"; };
		525F68D421B5872500E0CA0B /* ActivityCell.xib */ = {isa = PBXFileReference; lastKnownFileType = file.xib; path = ActivityCell.xib; sourceTree = "<group>"; };
		52677A3621B02C8F005F6C43 /* timeline.png */ = {isa = PBXFileReference; lastKnownFileType = image.png; path = timeline.png; sourceTree = "<group>"; };
		52677A3821B02CBE005F6C43 /* timeline@2x.png */ = {isa = PBXFileReference; lastKnownFileType = image.png; path = "timeline@2x.png"; sourceTree = "<group>"; };
		52677A3A21B02CD3005F6C43 /* home.png */ = {isa = PBXFileReference; lastKnownFileType = image.png; path = home.png; sourceTree = "<group>"; };
		52677A3C21B02CE1005F6C43 /* home@2x.png */ = {isa = PBXFileReference; lastKnownFileType = image.png; path = "home@2x.png"; sourceTree = "<group>"; };
		52677A3E21B02D14005F6C43 /* notify.png */ = {isa = PBXFileReference; lastKnownFileType = image.png; path = notify.png; sourceTree = "<group>"; };
		52677A4021B02D21005F6C43 /* notify.@2x.png */ = {isa = PBXFileReference; lastKnownFileType = image.png; path = "notify.@2x.png"; sourceTree = "<group>"; };
		52677A4221B02D3E005F6C43 /* person.png */ = {isa = PBXFileReference; lastKnownFileType = image.png; path = person.png; sourceTree = "<group>"; };
		52677A4421B02D4B005F6C43 /* person@2x.png */ = {isa = PBXFileReference; lastKnownFileType = image.png; path = "person@2x.png"; sourceTree = "<group>"; };
		52677A4621B02D69005F6C43 /* retweet.png */ = {isa = PBXFileReference; lastKnownFileType = image.png; path = retweet.png; sourceTree = "<group>"; };
		52677A4821B02D78005F6C43 /* retweet@2x.png */ = {isa = PBXFileReference; lastKnownFileType = image.png; path = "retweet@2x.png"; sourceTree = "<group>"; };
		52677A4A21B02D8C005F6C43 /* reply.png */ = {isa = PBXFileReference; lastKnownFileType = image.png; path = reply.png; sourceTree = "<group>"; };
		52677A4C21B02D9D005F6C43 /* reply@2x.png */ = {isa = PBXFileReference; lastKnownFileType = image.png; path = "reply@2x.png"; sourceTree = "<group>"; };
		52677A4E21B02DB1005F6C43 /* star.png */ = {isa = PBXFileReference; lastKnownFileType = image.png; path = star.png; sourceTree = "<group>"; };
		52677A5021B02DBD005F6C43 /* star@2x.png */ = {isa = PBXFileReference; lastKnownFileType = image.png; path = "star@2x.png"; sourceTree = "<group>"; };
		52677A5221B02DDC005F6C43 /* public.png */ = {isa = PBXFileReference; lastKnownFileType = image.png; path = public.png; sourceTree = "<group>"; };
		52677A5421B02DEA005F6C43 /* public@2x.png */ = {isa = PBXFileReference; lastKnownFileType = image.png; path = "public@2x.png"; sourceTree = "<group>"; };
		5273ECD121A63B7C006F95FB /* Mastlia.app */ = {isa = PBXFileReference; explicitFileType = wrapper.application; includeInIndex = 0; path = Mastlia.app; sourceTree = BUILT_PRODUCTS_DIR; };
		5273ECD421A63B7C006F95FB /* AppDelegate.swift */ = {isa = PBXFileReference; lastKnownFileType = sourcecode.swift; path = AppDelegate.swift; sourceTree = "<group>"; };
		5273ECD621A63B7C006F95FB /* ViewController.swift */ = {isa = PBXFileReference; lastKnownFileType = sourcecode.swift; path = ViewController.swift; sourceTree = "<group>"; };
		5273ECDB21A63B7E006F95FB /* Assets.xcassets */ = {isa = PBXFileReference; lastKnownFileType = folder.assetcatalog; path = Assets.xcassets; sourceTree = "<group>"; };
		5273ECDE21A63B7E006F95FB /* Base */ = {isa = PBXFileReference; lastKnownFileType = file.storyboard; name = Base; path = Base.lproj/LaunchScreen.storyboard; sourceTree = "<group>"; };
		5273ECE021A63B7E006F95FB /* Info.plist */ = {isa = PBXFileReference; lastKnownFileType = text.plist.xml; path = Info.plist; sourceTree = "<group>"; };
		5273ECE521A63B7E006F95FB /* MastliaTests.xctest */ = {isa = PBXFileReference; explicitFileType = wrapper.cfbundle; includeInIndex = 0; path = MastliaTests.xctest; sourceTree = BUILT_PRODUCTS_DIR; };
		5273ECE921A63B7E006F95FB /* MastliaTests.swift */ = {isa = PBXFileReference; lastKnownFileType = sourcecode.swift; path = MastliaTests.swift; sourceTree = "<group>"; };
		5273ECEB21A63B7E006F95FB /* Info.plist */ = {isa = PBXFileReference; lastKnownFileType = text.plist.xml; path = Info.plist; sourceTree = "<group>"; };
		5273ECF021A63B7E006F95FB /* MastliaUITests.xctest */ = {isa = PBXFileReference; explicitFileType = wrapper.cfbundle; includeInIndex = 0; path = MastliaUITests.xctest; sourceTree = BUILT_PRODUCTS_DIR; };
		5273ECF421A63B7E006F95FB /* MastliaUITests.swift */ = {isa = PBXFileReference; lastKnownFileType = sourcecode.swift; path = MastliaUITests.swift; sourceTree = "<group>"; };
		5273ECF621A63B7E006F95FB /* Info.plist */ = {isa = PBXFileReference; lastKnownFileType = text.plist.xml; path = Info.plist; sourceTree = "<group>"; };
		528F2E0221B0E73000E03FB9 /* add.png */ = {isa = PBXFileReference; lastKnownFileType = image.png; path = add.png; sourceTree = "<group>"; };
		528F2E0421B0E74500E03FB9 /* add@2x.png */ = {isa = PBXFileReference; lastKnownFileType = image.png; path = "add@2x.png"; sourceTree = "<group>"; };
		529248EC21B759220055F906 /* ReblogCell.swift */ = {isa = PBXFileReference; lastKnownFileType = sourcecode.swift; path = ReblogCell.swift; sourceTree = "<group>"; };
		529248ED21B759220055F906 /* ReblogCell.xib */ = {isa = PBXFileReference; lastKnownFileType = file.xib; path = ReblogCell.xib; sourceTree = "<group>"; };
		52A8329321AA9FBB008F41F5 /* Toots.swift */ = {isa = PBXFileReference; lastKnownFileType = sourcecode.swift; path = Toots.swift; sourceTree = "<group>"; };
		52E40FCB21B3E46A00592B1F /* TootViewController.swift */ = {isa = PBXFileReference; lastKnownFileType = sourcecode.swift; path = TootViewController.swift; sourceTree = "<group>"; };
		563C230A5C2117B55B08B7D7 /* Pods-Mastlia.release.xcconfig */ = {isa = PBXFileReference; includeInIndex = 1; lastKnownFileType = text.xcconfig; name = "Pods-Mastlia.release.xcconfig"; path = "Pods/Target Support Files/Pods-Mastlia/Pods-Mastlia.release.xcconfig"; sourceTree = "<group>"; };
		5EDCCBCB2714C0B407E98D52 /* Pods-Mastlia.debug.xcconfig */ = {isa = PBXFileReference; includeInIndex = 1; lastKnownFileType = text.xcconfig; name = "Pods-Mastlia.debug.xcconfig"; path = "Pods/Target Support Files/Pods-Mastlia/Pods-Mastlia.debug.xcconfig"; sourceTree = "<group>"; };
		62CEADFAC15B2B0CAFE56B9F /* Pods_Mastlia.framework */ = {isa = PBXFileReference; explicitFileType = wrapper.framework; includeInIndex = 0; path = Pods_Mastlia.framework; sourceTree = BUILT_PRODUCTS_DIR; };
		A51C97A08184CB02441CACF2 /* Pods-MastliaTests.release.xcconfig */ = {isa = PBXFileReference; includeInIndex = 1; lastKnownFileType = text.xcconfig; name = "Pods-MastliaTests.release.xcconfig"; path = "Pods/Target Support Files/Pods-MastliaTests/Pods-MastliaTests.release.xcconfig"; sourceTree = "<group>"; };
		DC88D05958902E3022C8874A /* Pods-MastliaUITests.debug.xcconfig */ = {isa = PBXFileReference; includeInIndex = 1; lastKnownFileType = text.xcconfig; name = "Pods-MastliaUITests.debug.xcconfig"; path = "Pods/Target Support Files/Pods-MastliaUITests/Pods-MastliaUITests.debug.xcconfig"; sourceTree = "<group>"; };
		E2EA6D0B308FCDE7F5E57A87 /* Pods_MastliaTests.framework */ = {isa = PBXFileReference; explicitFileType = wrapper.framework; includeInIndex = 0; path = Pods_MastliaTests.framework; sourceTree = BUILT_PRODUCTS_DIR; };
/* End PBXFileReference section */

/* Begin PBXFrameworksBuildPhase section */
		5273ECCE21A63B7C006F95FB /* Frameworks */ = {
			isa = PBXFrameworksBuildPhase;
			buildActionMask = 2147483647;
			files = (
				D470662BEE15CB538ED57043 /* Pods_Mastlia.framework in Frameworks */,
			);
			runOnlyForDeploymentPostprocessing = 0;
		};
		5273ECE221A63B7E006F95FB /* Frameworks */ = {
			isa = PBXFrameworksBuildPhase;
			buildActionMask = 2147483647;
			files = (
				5121E352D3A8D621FA8AC4AE /* Pods_MastliaTests.framework in Frameworks */,
			);
			runOnlyForDeploymentPostprocessing = 0;
		};
		5273ECED21A63B7E006F95FB /* Frameworks */ = {
			isa = PBXFrameworksBuildPhase;
			buildActionMask = 2147483647;
			files = (
				2BEFF2054FA5D91B485FEB9D /* Pods_MastliaUITests.framework in Frameworks */,
			);
			runOnlyForDeploymentPostprocessing = 0;
		};
/* End PBXFrameworksBuildPhase section */

/* Begin PBXGroup section */
		3FEBF7FD44F98F193D4EDD3D /* Pods */ = {
			isa = PBXGroup;
			children = (
				5EDCCBCB2714C0B407E98D52 /* Pods-Mastlia.debug.xcconfig */,
				563C230A5C2117B55B08B7D7 /* Pods-Mastlia.release.xcconfig */,
				3E249CFF2E61160EFB452ACF /* Pods-MastliaTests.debug.xcconfig */,
				A51C97A08184CB02441CACF2 /* Pods-MastliaTests.release.xcconfig */,
				DC88D05958902E3022C8874A /* Pods-MastliaUITests.debug.xcconfig */,
				1D840151FF9AF9D30C423E5B /* Pods-MastliaUITests.release.xcconfig */,
			);
			name = Pods;
			sourceTree = "<group>";
		};
		52331DC821AED2C20094C4BF /* Controllers */ = {
			isa = PBXGroup;
			children = (
				5273ECD621A63B7C006F95FB /* ViewController.swift */,
				520003C521A7AF10002E90BF /* LoginViewController.swift */,
				524D57A421A8409E003FD9B7 /* TimeLineViewController.swift */,
				52E40FCB21B3E46A00592B1F /* TootViewController.swift */,
				524D57A021A83933003FD9B7 /* TootCell.swift */,
				525F68CD21B586D700E0CA0B /* DetailViewController.swift */,
				525F68CF21B5870800E0CA0B /* ActivityCountCell.swift */,
				525F68D321B5872500E0CA0B /* ActivityCell.swift */,
				529248EC21B759220055F906 /* ReblogCell.swift */,
			);
			path = Controllers;
			sourceTree = "<group>";
		};
		524D579D21A7F07F003FD9B7 /* Resources */ = {
			isa = PBXGroup;
			children = (
				525F68D421B5872500E0CA0B /* ActivityCell.xib */,
				525F68D021B5870800E0CA0B /* ActivityCountCell.xib */,
				525F68C821B5851000E0CA0B /* DetailCell.xib */,
				528F2E0421B0E74500E03FB9 /* add@2x.png */,
				528F2E0221B0E73000E03FB9 /* add.png */,
				52677A5421B02DEA005F6C43 /* public@2x.png */,
				52677A5221B02DDC005F6C43 /* public.png */,
				52677A5021B02DBD005F6C43 /* star@2x.png */,
				52677A4E21B02DB1005F6C43 /* star.png */,
				52677A4C21B02D9D005F6C43 /* reply@2x.png */,
				52677A4A21B02D8C005F6C43 /* reply.png */,
				52677A4821B02D78005F6C43 /* retweet@2x.png */,
				52677A4621B02D69005F6C43 /* retweet.png */,
				52677A4421B02D4B005F6C43 /* person@2x.png */,
				52677A4221B02D3E005F6C43 /* person.png */,
				52677A4021B02D21005F6C43 /* notify.@2x.png */,
				52677A3E21B02D14005F6C43 /* notify.png */,
				52677A3C21B02CE1005F6C43 /* home@2x.png */,
				52677A3A21B02CD3005F6C43 /* home.png */,
				52677A3821B02CBE005F6C43 /* timeline@2x.png */,
				52677A3621B02C8F005F6C43 /* timeline.png */,
				520003C321A7AC62002E90BF /* login.storyboard */,
				525F68CB21B5869700E0CA0B /* Main.storyboard */,
				524D57A121A83933003FD9B7 /* TootCell.xib */,
				5273ECDD21A63B7E006F95FB /* LaunchScreen.storyboard */,
				529248ED21B759220055F906 /* ReblogCell.xib */,
			);
			path = Resources;
			sourceTree = "<group>";
		};
		524D57A821A85E23003FD9B7 /* Models */ = {
			isa = PBXGroup;
			children = (
				524D57A621A84A3D003FD9B7 /* Account.swift */,
				52A8329321AA9FBB008F41F5 /* Toots.swift */,
			);
			path = Models;
			sourceTree = "<group>";
		};
		5273ECC821A63B7B006F95FB = {
			isa = PBXGroup;
			children = (
				5273ECD321A63B7C006F95FB /* Mastlia */,
				5273ECE821A63B7E006F95FB /* MastliaTests */,
				5273ECF321A63B7E006F95FB /* MastliaUITests */,
				5273ECD221A63B7C006F95FB /* Products */,
				3FEBF7FD44F98F193D4EDD3D /* Pods */,
				A85FE33C01520034E0BD4E5B /* Frameworks */,
			);
			sourceTree = "<group>";
		};
		5273ECD221A63B7C006F95FB /* Products */ = {
			isa = PBXGroup;
			children = (
				5273ECD121A63B7C006F95FB /* Mastlia.app */,
				5273ECE521A63B7E006F95FB /* MastliaTests.xctest */,
				5273ECF021A63B7E006F95FB /* MastliaUITests.xctest */,
			);
			name = Products;
			sourceTree = "<group>";
		};
		5273ECD321A63B7C006F95FB /* Mastlia */ = {
			isa = PBXGroup;
			children = (
				525F68C721B5851000E0CA0B /* DetailCell.swift */,
				52331DC821AED2C20094C4BF /* Controllers */,
				524D57A821A85E23003FD9B7 /* Models */,
				524D579D21A7F07F003FD9B7 /* Resources */,
				5273ECD421A63B7C006F95FB /* AppDelegate.swift */,
				5273ECDB21A63B7E006F95FB /* Assets.xcassets */,
				5273ECE021A63B7E006F95FB /* Info.plist */,
			);
			path = Mastlia;
			sourceTree = "<group>";
		};
		5273ECE821A63B7E006F95FB /* MastliaTests */ = {
			isa = PBXGroup;
			children = (
				5273ECE921A63B7E006F95FB /* MastliaTests.swift */,
				5273ECEB21A63B7E006F95FB /* Info.plist */,
			);
			path = MastliaTests;
			sourceTree = "<group>";
		};
		5273ECF321A63B7E006F95FB /* MastliaUITests */ = {
			isa = PBXGroup;
			children = (
				5273ECF421A63B7E006F95FB /* MastliaUITests.swift */,
				5273ECF621A63B7E006F95FB /* Info.plist */,
			);
			path = MastliaUITests;
			sourceTree = "<group>";
		};
		A85FE33C01520034E0BD4E5B /* Frameworks */ = {
			isa = PBXGroup;
			children = (
				62CEADFAC15B2B0CAFE56B9F /* Pods_Mastlia.framework */,
				E2EA6D0B308FCDE7F5E57A87 /* Pods_MastliaTests.framework */,
				40493F5860D6B39D0342D33C /* Pods_MastliaUITests.framework */,
			);
			name = Frameworks;
			sourceTree = "<group>";
		};
/* End PBXGroup section */

/* Begin PBXNativeTarget section */
		5273ECD021A63B7C006F95FB /* Mastlia */ = {
			isa = PBXNativeTarget;
			buildConfigurationList = 5273ECF921A63B7E006F95FB /* Build configuration list for PBXNativeTarget "Mastlia" */;
			buildPhases = (
				79EBC900F40B6EA388D81EB8 /* [CP] Check Pods Manifest.lock */,
				5273ECCD21A63B7C006F95FB /* Sources */,
				5273ECCE21A63B7C006F95FB /* Frameworks */,
				5273ECCF21A63B7C006F95FB /* Resources */,
				2DB22AEB8D878B072E47EDD5 /* [CP] Embed Pods Frameworks */,
			);
			buildRules = (
			);
			dependencies = (
			);
			name = Mastlia;
			productName = Mastlia;
			productReference = 5273ECD121A63B7C006F95FB /* Mastlia.app */;
			productType = "com.apple.product-type.application";
		};
		5273ECE421A63B7E006F95FB /* MastliaTests */ = {
			isa = PBXNativeTarget;
			buildConfigurationList = 5273ECFC21A63B7E006F95FB /* Build configuration list for PBXNativeTarget "MastliaTests" */;
			buildPhases = (
				AC0DBF0BA5A6D706893CD252 /* [CP] Check Pods Manifest.lock */,
				5273ECE121A63B7E006F95FB /* Sources */,
				5273ECE221A63B7E006F95FB /* Frameworks */,
				5273ECE321A63B7E006F95FB /* Resources */,
			);
			buildRules = (
			);
			dependencies = (
				5273ECE721A63B7E006F95FB /* PBXTargetDependency */,
			);
			name = MastliaTests;
			productName = MastliaTests;
			productReference = 5273ECE521A63B7E006F95FB /* MastliaTests.xctest */;
			productType = "com.apple.product-type.bundle.unit-test";
		};
		5273ECEF21A63B7E006F95FB /* MastliaUITests */ = {
			isa = PBXNativeTarget;
			buildConfigurationList = 5273ECFF21A63B7E006F95FB /* Build configuration list for PBXNativeTarget "MastliaUITests" */;
			buildPhases = (
				10248A4C81A30BD49B1D1A98 /* [CP] Check Pods Manifest.lock */,
				5273ECEC21A63B7E006F95FB /* Sources */,
				5273ECED21A63B7E006F95FB /* Frameworks */,
				5273ECEE21A63B7E006F95FB /* Resources */,
			);
			buildRules = (
			);
			dependencies = (
				5273ECF221A63B7E006F95FB /* PBXTargetDependency */,
			);
			name = MastliaUITests;
			productName = MastliaUITests;
			productReference = 5273ECF021A63B7E006F95FB /* MastliaUITests.xctest */;
			productType = "com.apple.product-type.bundle.ui-testing";
		};
/* End PBXNativeTarget section */

/* Begin PBXProject section */
		5273ECC921A63B7B006F95FB /* Project object */ = {
			isa = PBXProject;
			attributes = {
				LastSwiftUpdateCheck = 1010;
				LastUpgradeCheck = 1010;
				ORGANIZATIONNAME = ymgn;
				TargetAttributes = {
					5273ECD021A63B7C006F95FB = {
						CreatedOnToolsVersion = 10.1;
					};
					5273ECE421A63B7E006F95FB = {
						CreatedOnToolsVersion = 10.1;
						TestTargetID = 5273ECD021A63B7C006F95FB;
					};
					5273ECEF21A63B7E006F95FB = {
						CreatedOnToolsVersion = 10.1;
						TestTargetID = 5273ECD021A63B7C006F95FB;
					};
				};
			};
			buildConfigurationList = 5273ECCC21A63B7B006F95FB /* Build configuration list for PBXProject "Mastlia" */;
			compatibilityVersion = "Xcode 9.3";
			developmentRegion = en;
			hasScannedForEncodings = 0;
			knownRegions = (
				en,
				Base,
			);
			mainGroup = 5273ECC821A63B7B006F95FB;
			productRefGroup = 5273ECD221A63B7C006F95FB /* Products */;
			projectDirPath = "";
			projectRoot = "";
			targets = (
				5273ECD021A63B7C006F95FB /* Mastlia */,
				5273ECE421A63B7E006F95FB /* MastliaTests */,
				5273ECEF21A63B7E006F95FB /* MastliaUITests */,
			);
		};
/* End PBXProject section */

/* Begin PBXResourcesBuildPhase section */
		5273ECCF21A63B7C006F95FB /* Resources */ = {
			isa = PBXResourcesBuildPhase;
			buildActionMask = 2147483647;
			files = (
				52677A5521B02DEA005F6C43 /* public@2x.png in Resources */,
				52677A4721B02D69005F6C43 /* retweet.png in Resources */,
				525F68CA21B5851000E0CA0B /* DetailCell.xib in Resources */,
				525F68CC21B5869800E0CA0B /* Main.storyboard in Resources */,
				520003C421A7AC62002E90BF /* login.storyboard in Resources */,
				528F2E0321B0E73200E03FB9 /* add.png in Resources */,
				525F68D621B5872500E0CA0B /* ActivityCell.xib in Resources */,
				52677A4F21B02DB1005F6C43 /* star.png in Resources */,
				529248EF21B759220055F906 /* ReblogCell.xib in Resources */,
				528F2E0521B0E74500E03FB9 /* add@2x.png in Resources */,
				52677A3B21B02CD3005F6C43 /* home.png in Resources */,
				52677A3921B02CBE005F6C43 /* timeline@2x.png in Resources */,
				52677A4321B02D3E005F6C43 /* person.png in Resources */,
				5273ECDF21A63B7E006F95FB /* LaunchScreen.storyboard in Resources */,
				52677A5321B02DDC005F6C43 /* public.png in Resources */,
				52677A3721B02C90005F6C43 /* timeline.png in Resources */,
				52677A4B21B02D8C005F6C43 /* reply.png in Resources */,
				52677A4521B02D4B005F6C43 /* person@2x.png in Resources */,
				525F68D221B5870800E0CA0B /* ActivityCountCell.xib in Resources */,
				52677A4921B02D78005F6C43 /* retweet@2x.png in Resources */,
				524D57A321A83933003FD9B7 /* TootCell.xib in Resources */,
				52677A5121B02DBD005F6C43 /* star@2x.png in Resources */,
				52677A3F21B02D14005F6C43 /* notify.png in Resources */,
				52677A4121B02D21005F6C43 /* notify.@2x.png in Resources */,
				5273ECDC21A63B7E006F95FB /* Assets.xcassets in Resources */,
				52677A3D21B02CE1005F6C43 /* home@2x.png in Resources */,
				52677A4D21B02D9D005F6C43 /* reply@2x.png in Resources */,
			);
			runOnlyForDeploymentPostprocessing = 0;
		};
		5273ECE321A63B7E006F95FB /* Resources */ = {
			isa = PBXResourcesBuildPhase;
			buildActionMask = 2147483647;
			files = (
			);
			runOnlyForDeploymentPostprocessing = 0;
		};
		5273ECEE21A63B7E006F95FB /* Resources */ = {
			isa = PBXResourcesBuildPhase;
			buildActionMask = 2147483647;
			files = (
			);
			runOnlyForDeploymentPostprocessing = 0;
		};
/* End PBXResourcesBuildPhase section */

/* Begin PBXShellScriptBuildPhase section */
		10248A4C81A30BD49B1D1A98 /* [CP] Check Pods Manifest.lock */ = {
			isa = PBXShellScriptBuildPhase;
			buildActionMask = 2147483647;
			files = (
			);
			inputFileListPaths = (
			);
			inputPaths = (
				"${PODS_PODFILE_DIR_PATH}/Podfile.lock",
				"${PODS_ROOT}/Manifest.lock",
			);
			name = "[CP] Check Pods Manifest.lock";
			outputFileListPaths = (
			);
			outputPaths = (
				"$(DERIVED_FILE_DIR)/Pods-MastliaUITests-checkManifestLockResult.txt",
			);
			runOnlyForDeploymentPostprocessing = 0;
			shellPath = /bin/sh;
			shellScript = "diff \"${PODS_PODFILE_DIR_PATH}/Podfile.lock\" \"${PODS_ROOT}/Manifest.lock\" > /dev/null\nif [ $? != 0 ] ; then\n    # print error to STDERR\n    echo \"error: The sandbox is not in sync with the Podfile.lock. Run 'pod install' or update your CocoaPods installation.\" >&2\n    exit 1\nfi\n# This output is used by Xcode 'outputs' to avoid re-running this script phase.\necho \"SUCCESS\" > \"${SCRIPT_OUTPUT_FILE_0}\"\n";
			showEnvVarsInLog = 0;
		};
		2DB22AEB8D878B072E47EDD5 /* [CP] Embed Pods Frameworks */ = {
			isa = PBXShellScriptBuildPhase;
			buildActionMask = 2147483647;
			files = (
			);
			inputFileListPaths = (
			);
			inputPaths = (
				"${SRCROOT}/Pods/Target Support Files/Pods-Mastlia/Pods-Mastlia-frameworks.sh",
				"${BUILT_PRODUCTS_DIR}/Fuzi/Fuzi.framework",
				"${BUILT_PRODUCTS_DIR}/MastodonKit/MastodonKit.framework",
				"${BUILT_PRODUCTS_DIR}/Realm/Realm.framework",
				"${BUILT_PRODUCTS_DIR}/RealmSwift/RealmSwift.framework",
			);
			name = "[CP] Embed Pods Frameworks";
			outputFileListPaths = (
			);
			outputPaths = (
				"${TARGET_BUILD_DIR}/${FRAMEWORKS_FOLDER_PATH}/Fuzi.framework",
				"${TARGET_BUILD_DIR}/${FRAMEWORKS_FOLDER_PATH}/MastodonKit.framework",
				"${TARGET_BUILD_DIR}/${FRAMEWORKS_FOLDER_PATH}/Realm.framework",
				"${TARGET_BUILD_DIR}/${FRAMEWORKS_FOLDER_PATH}/RealmSwift.framework",
			);
			runOnlyForDeploymentPostprocessing = 0;
			shellPath = /bin/sh;
			shellScript = "\"${SRCROOT}/Pods/Target Support Files/Pods-Mastlia/Pods-Mastlia-frameworks.sh\"\n";
			showEnvVarsInLog = 0;
		};
		79EBC900F40B6EA388D81EB8 /* [CP] Check Pods Manifest.lock */ = {
			isa = PBXShellScriptBuildPhase;
			buildActionMask = 2147483647;
			files = (
			);
			inputFileListPaths = (
			);
			inputPaths = (
				"${PODS_PODFILE_DIR_PATH}/Podfile.lock",
				"${PODS_ROOT}/Manifest.lock",
			);
			name = "[CP] Check Pods Manifest.lock";
			outputFileListPaths = (
			);
			outputPaths = (
				"$(DERIVED_FILE_DIR)/Pods-Mastlia-checkManifestLockResult.txt",
			);
			runOnlyForDeploymentPostprocessing = 0;
			shellPath = /bin/sh;
			shellScript = "diff \"${PODS_PODFILE_DIR_PATH}/Podfile.lock\" \"${PODS_ROOT}/Manifest.lock\" > /dev/null\nif [ $? != 0 ] ; then\n    # print error to STDERR\n    echo \"error: The sandbox is not in sync with the Podfile.lock. Run 'pod install' or update your CocoaPods installation.\" >&2\n    exit 1\nfi\n# This output is used by Xcode 'outputs' to avoid re-running this script phase.\necho \"SUCCESS\" > \"${SCRIPT_OUTPUT_FILE_0}\"\n";
			showEnvVarsInLog = 0;
		};
		AC0DBF0BA5A6D706893CD252 /* [CP] Check Pods Manifest.lock */ = {
			isa = PBXShellScriptBuildPhase;
			buildActionMask = 2147483647;
			files = (
			);
			inputFileListPaths = (
			);
			inputPaths = (
				"${PODS_PODFILE_DIR_PATH}/Podfile.lock",
				"${PODS_ROOT}/Manifest.lock",
			);
			name = "[CP] Check Pods Manifest.lock";
			outputFileListPaths = (
			);
			outputPaths = (
				"$(DERIVED_FILE_DIR)/Pods-MastliaTests-checkManifestLockResult.txt",
			);
			runOnlyForDeploymentPostprocessing = 0;
			shellPath = /bin/sh;
			shellScript = "diff \"${PODS_PODFILE_DIR_PATH}/Podfile.lock\" \"${PODS_ROOT}/Manifest.lock\" > /dev/null\nif [ $? != 0 ] ; then\n    # print error to STDERR\n    echo \"error: The sandbox is not in sync with the Podfile.lock. Run 'pod install' or update your CocoaPods installation.\" >&2\n    exit 1\nfi\n# This output is used by Xcode 'outputs' to avoid re-running this script phase.\necho \"SUCCESS\" > \"${SCRIPT_OUTPUT_FILE_0}\"\n";
			showEnvVarsInLog = 0;
		};
/* End PBXShellScriptBuildPhase section */

/* Begin PBXSourcesBuildPhase section */
		5273ECCD21A63B7C006F95FB /* Sources */ = {
			isa = PBXSourcesBuildPhase;
			buildActionMask = 2147483647;
			files = (
				525F68C921B5851000E0CA0B /* DetailCell.swift in Sources */,
				52E40FCC21B3E46A00592B1F /* TootViewController.swift in Sources */,
				525F68D121B5870800E0CA0B /* ActivityCountCell.swift in Sources */,
				520003C621A7AF10002E90BF /* LoginViewController.swift in Sources */,
				5273ECD721A63B7C006F95FB /* ViewController.swift in Sources */,
				5273ECD521A63B7C006F95FB /* AppDelegate.swift in Sources */,
				524D57A521A8409E003FD9B7 /* TimeLineViewController.swift in Sources */,
				524D57A221A83933003FD9B7 /* TootCell.swift in Sources */,
				525F68CE21B586D700E0CA0B /* DetailViewController.swift in Sources */,
				52A8329421AA9FBB008F41F5 /* Toots.swift in Sources */,
				525F68D521B5872500E0CA0B /* ActivityCell.swift in Sources */,
				529248EE21B759220055F906 /* ReblogCell.swift in Sources */,
				524D57A721A84A3D003FD9B7 /* Account.swift in Sources */,
			);
			runOnlyForDeploymentPostprocessing = 0;
		};
		5273ECE121A63B7E006F95FB /* Sources */ = {
			isa = PBXSourcesBuildPhase;
			buildActionMask = 2147483647;
			files = (
				5273ECEA21A63B7E006F95FB /* MastliaTests.swift in Sources */,
			);
			runOnlyForDeploymentPostprocessing = 0;
		};
		5273ECEC21A63B7E006F95FB /* Sources */ = {
			isa = PBXSourcesBuildPhase;
			buildActionMask = 2147483647;
			files = (
				5273ECF521A63B7E006F95FB /* MastliaUITests.swift in Sources */,
			);
			runOnlyForDeploymentPostprocessing = 0;
		};
/* End PBXSourcesBuildPhase section */

/* Begin PBXTargetDependency section */
		5273ECE721A63B7E006F95FB /* PBXTargetDependency */ = {
			isa = PBXTargetDependency;
			target = 5273ECD021A63B7C006F95FB /* Mastlia */;
			targetProxy = 5273ECE621A63B7E006F95FB /* PBXContainerItemProxy */;
		};
		5273ECF221A63B7E006F95FB /* PBXTargetDependency */ = {
			isa = PBXTargetDependency;
			target = 5273ECD021A63B7C006F95FB /* Mastlia */;
			targetProxy = 5273ECF121A63B7E006F95FB /* PBXContainerItemProxy */;
		};
/* End PBXTargetDependency section */

/* Begin PBXVariantGroup section */
		5273ECDD21A63B7E006F95FB /* LaunchScreen.storyboard */ = {
			isa = PBXVariantGroup;
			children = (
				5273ECDE21A63B7E006F95FB /* Base */,
			);
			name = LaunchScreen.storyboard;
			sourceTree = "<group>";
		};
/* End PBXVariantGroup section */

/* Begin XCBuildConfiguration section */
		5273ECF721A63B7E006F95FB /* Debug */ = {
			isa = XCBuildConfiguration;
			buildSettings = {
				ALWAYS_SEARCH_USER_PATHS = NO;
				CLANG_ANALYZER_NONNULL = YES;
				CLANG_ANALYZER_NUMBER_OBJECT_CONVERSION = YES_AGGRESSIVE;
				CLANG_CXX_LANGUAGE_STANDARD = "gnu++14";
				CLANG_CXX_LIBRARY = "libc++";
				CLANG_ENABLE_MODULES = YES;
				CLANG_ENABLE_OBJC_ARC = YES;
				CLANG_ENABLE_OBJC_WEAK = YES;
				CLANG_WARN_BLOCK_CAPTURE_AUTORELEASING = YES;
				CLANG_WARN_BOOL_CONVERSION = YES;
				CLANG_WARN_COMMA = YES;
				CLANG_WARN_CONSTANT_CONVERSION = YES;
				CLANG_WARN_DEPRECATED_OBJC_IMPLEMENTATIONS = YES;
				CLANG_WARN_DIRECT_OBJC_ISA_USAGE = YES_ERROR;
				CLANG_WARN_DOCUMENTATION_COMMENTS = YES;
				CLANG_WARN_EMPTY_BODY = YES;
				CLANG_WARN_ENUM_CONVERSION = YES;
				CLANG_WARN_INFINITE_RECURSION = YES;
				CLANG_WARN_INT_CONVERSION = YES;
				CLANG_WARN_NON_LITERAL_NULL_CONVERSION = YES;
				CLANG_WARN_OBJC_IMPLICIT_RETAIN_SELF = YES;
				CLANG_WARN_OBJC_LITERAL_CONVERSION = YES;
				CLANG_WARN_OBJC_ROOT_CLASS = YES_ERROR;
				CLANG_WARN_RANGE_LOOP_ANALYSIS = YES;
				CLANG_WARN_STRICT_PROTOTYPES = YES;
				CLANG_WARN_SUSPICIOUS_MOVE = YES;
				CLANG_WARN_UNGUARDED_AVAILABILITY = YES_AGGRESSIVE;
				CLANG_WARN_UNREACHABLE_CODE = YES;
				CLANG_WARN__DUPLICATE_METHOD_MATCH = YES;
				CODE_SIGN_IDENTITY = "iPhone Developer";
				COPY_PHASE_STRIP = NO;
				DEBUG_INFORMATION_FORMAT = dwarf;
				ENABLE_STRICT_OBJC_MSGSEND = YES;
				ENABLE_TESTABILITY = YES;
				GCC_C_LANGUAGE_STANDARD = gnu11;
				GCC_DYNAMIC_NO_PIC = NO;
				GCC_NO_COMMON_BLOCKS = YES;
				GCC_OPTIMIZATION_LEVEL = 0;
				GCC_PREPROCESSOR_DEFINITIONS = (
					"DEBUG=1",
					"$(inherited)",
				);
				GCC_WARN_64_TO_32_BIT_CONVERSION = YES;
				GCC_WARN_ABOUT_RETURN_TYPE = YES_ERROR;
				GCC_WARN_UNDECLARED_SELECTOR = YES;
				GCC_WARN_UNINITIALIZED_AUTOS = YES_AGGRESSIVE;
				GCC_WARN_UNUSED_FUNCTION = YES;
				GCC_WARN_UNUSED_VARIABLE = YES;
				IPHONEOS_DEPLOYMENT_TARGET = 12.1;
				MTL_ENABLE_DEBUG_INFO = INCLUDE_SOURCE;
				MTL_FAST_MATH = YES;
				ONLY_ACTIVE_ARCH = YES;
				SDKROOT = iphoneos;
				SWIFT_ACTIVE_COMPILATION_CONDITIONS = DEBUG;
				SWIFT_OPTIMIZATION_LEVEL = "-Onone";
			};
			name = Debug;
		};
		5273ECF821A63B7E006F95FB /* Release */ = {
			isa = XCBuildConfiguration;
			buildSettings = {
				ALWAYS_SEARCH_USER_PATHS = NO;
				CLANG_ANALYZER_NONNULL = YES;
				CLANG_ANALYZER_NUMBER_OBJECT_CONVERSION = YES_AGGRESSIVE;
				CLANG_CXX_LANGUAGE_STANDARD = "gnu++14";
				CLANG_CXX_LIBRARY = "libc++";
				CLANG_ENABLE_MODULES = YES;
				CLANG_ENABLE_OBJC_ARC = YES;
				CLANG_ENABLE_OBJC_WEAK = YES;
				CLANG_WARN_BLOCK_CAPTURE_AUTORELEASING = YES;
				CLANG_WARN_BOOL_CONVERSION = YES;
				CLANG_WARN_COMMA = YES;
				CLANG_WARN_CONSTANT_CONVERSION = YES;
				CLANG_WARN_DEPRECATED_OBJC_IMPLEMENTATIONS = YES;
				CLANG_WARN_DIRECT_OBJC_ISA_USAGE = YES_ERROR;
				CLANG_WARN_DOCUMENTATION_COMMENTS = YES;
				CLANG_WARN_EMPTY_BODY = YES;
				CLANG_WARN_ENUM_CONVERSION = YES;
				CLANG_WARN_INFINITE_RECURSION = YES;
				CLANG_WARN_INT_CONVERSION = YES;
				CLANG_WARN_NON_LITERAL_NULL_CONVERSION = YES;
				CLANG_WARN_OBJC_IMPLICIT_RETAIN_SELF = YES;
				CLANG_WARN_OBJC_LITERAL_CONVERSION = YES;
				CLANG_WARN_OBJC_ROOT_CLASS = YES_ERROR;
				CLANG_WARN_RANGE_LOOP_ANALYSIS = YES;
				CLANG_WARN_STRICT_PROTOTYPES = YES;
				CLANG_WARN_SUSPICIOUS_MOVE = YES;
				CLANG_WARN_UNGUARDED_AVAILABILITY = YES_AGGRESSIVE;
				CLANG_WARN_UNREACHABLE_CODE = YES;
				CLANG_WARN__DUPLICATE_METHOD_MATCH = YES;
				CODE_SIGN_IDENTITY = "iPhone Developer";
				COPY_PHASE_STRIP = NO;
				DEBUG_INFORMATION_FORMAT = "dwarf-with-dsym";
				ENABLE_NS_ASSERTIONS = NO;
				ENABLE_STRICT_OBJC_MSGSEND = YES;
				GCC_C_LANGUAGE_STANDARD = gnu11;
				GCC_NO_COMMON_BLOCKS = YES;
				GCC_WARN_64_TO_32_BIT_CONVERSION = YES;
				GCC_WARN_ABOUT_RETURN_TYPE = YES_ERROR;
				GCC_WARN_UNDECLARED_SELECTOR = YES;
				GCC_WARN_UNINITIALIZED_AUTOS = YES_AGGRESSIVE;
				GCC_WARN_UNUSED_FUNCTION = YES;
				GCC_WARN_UNUSED_VARIABLE = YES;
				IPHONEOS_DEPLOYMENT_TARGET = 12.1;
				MTL_ENABLE_DEBUG_INFO = NO;
				MTL_FAST_MATH = YES;
				SDKROOT = iphoneos;
				SWIFT_COMPILATION_MODE = wholemodule;
				SWIFT_OPTIMIZATION_LEVEL = "-O";
				VALIDATE_PRODUCT = YES;
			};
			name = Release;
		};
		5273ECFA21A63B7E006F95FB /* Debug */ = {
			isa = XCBuildConfiguration;
			baseConfigurationReference = 5EDCCBCB2714C0B407E98D52 /* Pods-Mastlia.debug.xcconfig */;
			buildSettings = {
				ASSETCATALOG_COMPILER_APPICON_NAME = AppIcon;
				CODE_SIGN_STYLE = Automatic;
				DEVELOPMENT_TEAM = Z23YQJ49WW;
				INFOPLIST_FILE = Mastlia/Info.plist;
				LD_RUNPATH_SEARCH_PATHS = (
					"$(inherited)",
					"@executable_path/Frameworks",
				);
				PRODUCT_BUNDLE_IDENTIFIER = com.ymgn.Mastlia;
				PRODUCT_NAME = "$(TARGET_NAME)";
				SWIFT_VERSION = 4.2;
				TARGETED_DEVICE_FAMILY = "1,2";
			};
			name = Debug;
		};
		5273ECFB21A63B7E006F95FB /* Release */ = {
			isa = XCBuildConfiguration;
			baseConfigurationReference = 563C230A5C2117B55B08B7D7 /* Pods-Mastlia.release.xcconfig */;
			buildSettings = {
				ASSETCATALOG_COMPILER_APPICON_NAME = AppIcon;
				CODE_SIGN_STYLE = Automatic;
				DEVELOPMENT_TEAM = Z23YQJ49WW;
				INFOPLIST_FILE = Mastlia/Info.plist;
				LD_RUNPATH_SEARCH_PATHS = (
					"$(inherited)",
					"@executable_path/Frameworks",
				);
				PRODUCT_BUNDLE_IDENTIFIER = com.ymgn.Mastlia;
				PRODUCT_NAME = "$(TARGET_NAME)";
				SWIFT_VERSION = 4.2;
				TARGETED_DEVICE_FAMILY = "1,2";
			};
			name = Release;
		};
		5273ECFD21A63B7E006F95FB /* Debug */ = {
			isa = XCBuildConfiguration;
			baseConfigurationReference = 3E249CFF2E61160EFB452ACF /* Pods-MastliaTests.debug.xcconfig */;
			buildSettings = {
				ALWAYS_EMBED_SWIFT_STANDARD_LIBRARIES = YES;
				BUNDLE_LOADER = "$(TEST_HOST)";
				CODE_SIGN_STYLE = Automatic;
				DEVELOPMENT_TEAM = Z23YQJ49WW;
				INFOPLIST_FILE = MastliaTests/Info.plist;
				LD_RUNPATH_SEARCH_PATHS = (
					"$(inherited)",
					"@executable_path/Frameworks",
					"@loader_path/Frameworks",
				);
				PRODUCT_BUNDLE_IDENTIFIER = com.ymgn.MastliaTests;
				PRODUCT_NAME = "$(TARGET_NAME)";
				SWIFT_VERSION = 4.2;
				TARGETED_DEVICE_FAMILY = "1,2";
				TEST_HOST = "$(BUILT_PRODUCTS_DIR)/Mastlia.app/Mastlia";
			};
			name = Debug;
		};
		5273ECFE21A63B7E006F95FB /* Release */ = {
			isa = XCBuildConfiguration;
			baseConfigurationReference = A51C97A08184CB02441CACF2 /* Pods-MastliaTests.release.xcconfig */;
			buildSettings = {
				ALWAYS_EMBED_SWIFT_STANDARD_LIBRARIES = YES;
				BUNDLE_LOADER = "$(TEST_HOST)";
				CODE_SIGN_STYLE = Automatic;
				DEVELOPMENT_TEAM = Z23YQJ49WW;
				INFOPLIST_FILE = MastliaTests/Info.plist;
				LD_RUNPATH_SEARCH_PATHS = (
					"$(inherited)",
					"@executable_path/Frameworks",
					"@loader_path/Frameworks",
				);
				PRODUCT_BUNDLE_IDENTIFIER = com.ymgn.MastliaTests;
				PRODUCT_NAME = "$(TARGET_NAME)";
				SWIFT_VERSION = 4.2;
				TARGETED_DEVICE_FAMILY = "1,2";
				TEST_HOST = "$(BUILT_PRODUCTS_DIR)/Mastlia.app/Mastlia";
			};
			name = Release;
		};
		5273ED0021A63B7E006F95FB /* Debug */ = {
			isa = XCBuildConfiguration;
			baseConfigurationReference = DC88D05958902E3022C8874A /* Pods-MastliaUITests.debug.xcconfig */;
			buildSettings = {
				ALWAYS_EMBED_SWIFT_STANDARD_LIBRARIES = YES;
				CODE_SIGN_STYLE = Automatic;
				DEVELOPMENT_TEAM = Z23YQJ49WW;
				INFOPLIST_FILE = MastliaUITests/Info.plist;
				LD_RUNPATH_SEARCH_PATHS = (
					"$(inherited)",
					"@executable_path/Frameworks",
					"@loader_path/Frameworks",
				);
				PRODUCT_BUNDLE_IDENTIFIER = com.ymgn.MastliaUITests;
				PRODUCT_NAME = "$(TARGET_NAME)";
				SWIFT_VERSION = 4.2;
				TARGETED_DEVICE_FAMILY = "1,2";
				TEST_TARGET_NAME = Mastlia;
			};
			name = Debug;
		};
		5273ED0121A63B7E006F95FB /* Release */ = {
			isa = XCBuildConfiguration;
			baseConfigurationReference = 1D840151FF9AF9D30C423E5B /* Pods-MastliaUITests.release.xcconfig */;
			buildSettings = {
				ALWAYS_EMBED_SWIFT_STANDARD_LIBRARIES = YES;
				CODE_SIGN_STYLE = Automatic;
				DEVELOPMENT_TEAM = Z23YQJ49WW;
				INFOPLIST_FILE = MastliaUITests/Info.plist;
				LD_RUNPATH_SEARCH_PATHS = (
					"$(inherited)",
					"@executable_path/Frameworks",
					"@loader_path/Frameworks",
				);
				PRODUCT_BUNDLE_IDENTIFIER = com.ymgn.MastliaUITests;
				PRODUCT_NAME = "$(TARGET_NAME)";
				SWIFT_VERSION = 4.2;
				TARGETED_DEVICE_FAMILY = "1,2";
				TEST_TARGET_NAME = Mastlia;
			};
			name = Release;
		};
/* End XCBuildConfiguration section */

/* Begin XCConfigurationList section */
		5273ECCC21A63B7B006F95FB /* Build configuration list for PBXProject "Mastlia" */ = {
			isa = XCConfigurationList;
			buildConfigurations = (
				5273ECF721A63B7E006F95FB /* Debug */,
				5273ECF821A63B7E006F95FB /* Release */,
			);
			defaultConfigurationIsVisible = 0;
			defaultConfigurationName = Release;
		};
		5273ECF921A63B7E006F95FB /* Build configuration list for PBXNativeTarget "Mastlia" */ = {
			isa = XCConfigurationList;
			buildConfigurations = (
				5273ECFA21A63B7E006F95FB /* Debug */,
				5273ECFB21A63B7E006F95FB /* Release */,
			);
			defaultConfigurationIsVisible = 0;
			defaultConfigurationName = Release;
		};
		5273ECFC21A63B7E006F95FB /* Build configuration list for PBXNativeTarget "MastliaTests" */ = {
			isa = XCConfigurationList;
			buildConfigurations = (
				5273ECFD21A63B7E006F95FB /* Debug */,
				5273ECFE21A63B7E006F95FB /* Release */,
			);
			defaultConfigurationIsVisible = 0;
			defaultConfigurationName = Release;
		};
		5273ECFF21A63B7E006F95FB /* Build configuration list for PBXNativeTarget "MastliaUITests" */ = {
			isa = XCConfigurationList;
			buildConfigurations = (
				5273ED0021A63B7E006F95FB /* Debug */,
				5273ED0121A63B7E006F95FB /* Release */,
			);
			defaultConfigurationIsVisible = 0;
			defaultConfigurationName = Release;
		};
/* End XCConfigurationList section */
	};
	rootObject = 5273ECC921A63B7B006F95FB /* Project object */;
}
